
Microsoft Visual Studio Solution File, Format Version 12.00
# Visual Studio Version 17
VisualStudioVersion = 17.3.32825.248
MinimumVisualStudioVersion = 10.0.40219.1
Project("{FAE04EC0-301F-11D3-BF4B-00C04F79EFBC}") = "Lab17-Blazor", "Lab17-Blazor\Lab17-Blazor.csproj", "{1547A502-9182-4FEB-9733-22432F5CEA36}"
EndProject
Global
	GlobalSection(SolutionConfigurationPlatforms) = preSolution
		Debug|Any CPU = Debug|Any CPU
		Release|Any CPU = Release|Any CPU
	EndGlobalSection
	GlobalSection(ProjectConfigurationPlatforms) = postSolution
		{1547A502-9182-4FEB-9733-22432F5CEA36}.Debug|Any CPU.ActiveCfg = Debug|Any CPU
		{1547A502-9182-4FEB-9733-22432F5CEA36}.Debug|Any CPU.Build.0 = Debug|Any CPU
		{1547A502-9182-4FEB-9733-22432F5CEA36}.Release|Any CPU.ActiveCfg = Release|Any CPU
		{1547A502-9182-4FEB-9733-22432F5CEA36}.Release|Any CPU.Build.0 = Release|Any CPU
	EndGlobalSection
	GlobalSection(SolutionProperties) = preSolution
		HideSolutionNode = FALSE
	EndGlobalSection
	GlobalSection(ExtensibilityGlobals) = postSolution
		SolutionGuid = {776C7819-1B49-4F20-85D5-847439E9B32A}
	EndGlobalSection
EndGlobal
